// !$*UTF8*$!
{
	archiveVersion = 1;
	classes = {
	};
	objectVersion = 77;
	objects = {

/* Begin PBXContainerItemProxy section */
		6A24DD3F2CB05D0D006E5C51 /* PBXContainerItemProxy */ = {
			isa = PBXContainerItemProxy;
			containerPortal = 6A24DD202CB05D0B006E5C51 /* Project object */;
			proxyType = 1;
			remoteGlobalIDString = 6A24DD272CB05D0B006E5C51;
			remoteInfo = "Dragonball-patrones";
		};
		6A24DD492CB05D0D006E5C51 /* PBXContainerItemProxy */ = {
			isa = PBXContainerItemProxy;
			containerPortal = 6A24DD202CB05D0B006E5C51 /* Project object */;
			proxyType = 1;
			remoteGlobalIDString = 6A24DD272CB05D0B006E5C51;
			remoteInfo = "Dragonball-patrones";
		};
/* End PBXContainerItemProxy section */

/* Begin PBXFileReference section */
		6A24DD282CB05D0B006E5C51 /* Dragonball-patrones.app */ = {isa = PBXFileReference; explicitFileType = wrapper.application; includeInIndex = 0; path = "Dragonball-patrones.app"; sourceTree = BUILT_PRODUCTS_DIR; };
		6A24DD3E2CB05D0D006E5C51 /* Dragonball-patronesTests.xctest */ = {isa = PBXFileReference; explicitFileType = wrapper.cfbundle; includeInIndex = 0; path = "Dragonball-patronesTests.xctest"; sourceTree = BUILT_PRODUCTS_DIR; };
		6A24DD482CB05D0D006E5C51 /* Dragonball-patronesUITests.xctest */ = {isa = PBXFileReference; explicitFileType = wrapper.cfbundle; includeInIndex = 0; path = "Dragonball-patronesUITests.xctest"; sourceTree = BUILT_PRODUCTS_DIR; };
/* End PBXFileReference section */

/* Begin PBXFileSystemSynchronizedBuildFileExceptionSet section */
		6A24DD502CB05D0D006E5C51 /* Exceptions for "Dragonball-patrones" folder in "Dragonball-patrones" target */ = {
			isa = PBXFileSystemSynchronizedBuildFileExceptionSet;
			membershipExceptions = (
				"Supporting Files/Info.plist",
			);
			target = 6A24DD272CB05D0B006E5C51 /* Dragonball-patrones */;
		};
/* End PBXFileSystemSynchronizedBuildFileExceptionSet section */

/* Begin PBXFileSystemSynchronizedRootGroup section */
		6A24DD2A2CB05D0B006E5C51 /* Dragonball-patrones */ = {
			isa = PBXFileSystemSynchronizedRootGroup;
			exceptions = (
				6A24DD502CB05D0D006E5C51 /* Exceptions for "Dragonball-patrones" folder in "Dragonball-patrones" target */,
			);
			path = "Dragonball-patrones";
			sourceTree = "<group>";
		};
		6A24DD412CB05D0D006E5C51 /* Dragonball-patronesTests */ = {
			isa = PBXFileSystemSynchronizedRootGroup;
			path = "Dragonball-patronesTests";
			sourceTree = "<group>";
		};
		6A24DD4B2CB05D0D006E5C51 /* Dragonball-patronesUITests */ = {
			isa = PBXFileSystemSynchronizedRootGroup;
			path = "Dragonball-patronesUITests";
			sourceTree = "<group>";
		};
/* End PBXFileSystemSynchronizedRootGroup section */

/* Begin PBXFrameworksBuildPhase section */
		6A24DD252CB05D0B006E5C51 /* Frameworks */ = {
			isa = PBXFrameworksBuildPhase;
			buildActionMask = 2147483647;
			files = (
			);
			runOnlyForDeploymentPostprocessing = 0;
		};
		6A24DD3B2CB05D0D006E5C51 /* Frameworks */ = {
			isa = PBXFrameworksBuildPhase;
			buildActionMask = 2147483647;
			files = (
			);
			runOnlyForDeploymentPostprocessing = 0;
		};
		6A24DD452CB05D0D006E5C51 /* Frameworks */ = {
			isa = PBXFrameworksBuildPhase;
			buildActionMask = 2147483647;
			files = (
			);
			runOnlyForDeploymentPostprocessing = 0;
		};
/* End PBXFrameworksBuildPhase section */

/* Begin PBXGroup section */
		6A24DD1F2CB05D0B006E5C51 = {
			isa = PBXGroup;
			children = (
				6A24DD2A2CB05D0B006E5C51 /* Dragonball-patrones */,
				6A24DD412CB05D0D006E5C51 /* Dragonball-patronesTests */,
				6A24DD4B2CB05D0D006E5C51 /* Dragonball-patronesUITests */,
				6A24DD292CB05D0B006E5C51 /* Products */,
			);
			sourceTree = "<group>";
		};
		6A24DD292CB05D0B006E5C51 /* Products */ = {
			isa = PBXGroup;
			children = (
				6A24DD282CB05D0B006E5C51 /* Dragonball-patrones.app */,
				6A24DD3E2CB05D0D006E5C51 /* Dragonball-patronesTests.xctest */,
				6A24DD482CB05D0D006E5C51 /* Dragonball-patronesUITests.xctest */,
			);
			name = Products;
			sourceTree = "<group>";
		};
/* End PBXGroup section */

/* Begin PBXNativeTarget section */
		6A24DD272CB05D0B006E5C51 /* Dragonball-patrones */ = {
			isa = PBXNativeTarget;
			buildConfigurationList = 6A24DD512CB05D0D006E5C51 /* Build configuration list for PBXNativeTarget "Dragonball-patrones" */;
			buildPhases = (
				6A24DD242CB05D0B006E5C51 /* Sources */,
				6A24DD252CB05D0B006E5C51 /* Frameworks */,
				6A24DD262CB05D0B006E5C51 /* Resources */,
			);
			buildRules = (
			);
			dependencies = (
			);
			fileSystemSynchronizedGroups = (
				6A24DD2A2CB05D0B006E5C51 /* Dragonball-patrones */,
			);
			name = "Dragonball-patrones";
			packageProductDependencies = (
			);
			productName = "Dragonball-patrones";
			productReference = 6A24DD282CB05D0B006E5C51 /* Dragonball-patrones.app */;
			productType = "com.apple.product-type.application";
		};
		6A24DD3D2CB05D0D006E5C51 /* Dragonball-patronesTests */ = {
			isa = PBXNativeTarget;
			buildConfigurationList = 6A24DD562CB05D0D006E5C51 /* Build configuration list for PBXNativeTarget "Dragonball-patronesTests" */;
			buildPhases = (
				6A24DD3A2CB05D0D006E5C51 /* Sources */,
				6A24DD3B2CB05D0D006E5C51 /* Frameworks */,
				6A24DD3C2CB05D0D006E5C51 /* Resources */,
			);
			buildRules = (
			);
			dependencies = (
				6A24DD402CB05D0D006E5C51 /* PBXTargetDependency */,
			);
			fileSystemSynchronizedGroups = (
				6A24DD412CB05D0D006E5C51 /* Dragonball-patronesTests */,
			);
			name = "Dragonball-patronesTests";
			packageProductDependencies = (
			);
			productName = "Dragonball-patronesTests";
			productReference = 6A24DD3E2CB05D0D006E5C51 /* Dragonball-patronesTests.xctest */;
			productType = "com.apple.product-type.bundle.unit-test";
		};
		6A24DD472CB05D0D006E5C51 /* Dragonball-patronesUITests */ = {
			isa = PBXNativeTarget;
			buildConfigurationList = 6A24DD592CB05D0D006E5C51 /* Build configuration list for PBXNativeTarget "Dragonball-patronesUITests" */;
			buildPhases = (
				6A24DD442CB05D0D006E5C51 /* Sources */,
				6A24DD452CB05D0D006E5C51 /* Frameworks */,
				6A24DD462CB05D0D006E5C51 /* Resources */,
			);
			buildRules = (
			);
			dependencies = (
				6A24DD4A2CB05D0D006E5C51 /* PBXTargetDependency */,
			);
			fileSystemSynchronizedGroups = (
				6A24DD4B2CB05D0D006E5C51 /* Dragonball-patronesUITests */,
			);
			name = "Dragonball-patronesUITests";
			packageProductDependencies = (
			);
			productName = "Dragonball-patronesUITests";
			productReference = 6A24DD482CB05D0D006E5C51 /* Dragonball-patronesUITests.xctest */;
			productType = "com.apple.product-type.bundle.ui-testing";
		};
/* End PBXNativeTarget section */

/* Begin PBXProject section */
		6A24DD202CB05D0B006E5C51 /* Project object */ = {
			isa = PBXProject;
			attributes = {
				BuildIndependentTargetsInParallel = 1;
				LastSwiftUpdateCheck = 1600;
				LastUpgradeCheck = 1600;
				TargetAttributes = {
					6A24DD272CB05D0B006E5C51 = {
						CreatedOnToolsVersion = 16.0;
					};
					6A24DD3D2CB05D0D006E5C51 = {
						CreatedOnToolsVersion = 16.0;
						TestTargetID = 6A24DD272CB05D0B006E5C51;
					};
					6A24DD472CB05D0D006E5C51 = {
						CreatedOnToolsVersion = 16.0;
						TestTargetID = 6A24DD272CB05D0B006E5C51;
					};
				};
			};
			buildConfigurationList = 6A24DD232CB05D0B006E5C51 /* Build configuration list for PBXProject "Dragonball-patrones" */;
			developmentRegion = en;
			hasScannedForEncodings = 0;
			knownRegions = (
				en,
				Base,
			);
			mainGroup = 6A24DD1F2CB05D0B006E5C51;
			minimizedProjectReferenceProxies = 1;
			preferredProjectObjectVersion = 77;
			productRefGroup = 6A24DD292CB05D0B006E5C51 /* Products */;
			projectDirPath = "";
			projectRoot = "";
			targets = (
				6A24DD272CB05D0B006E5C51 /* Dragonball-patrones */,
				6A24DD3D2CB05D0D006E5C51 /* Dragonball-patronesTests */,
				6A24DD472CB05D0D006E5C51 /* Dragonball-patronesUITests */,
			);
		};
/* End PBXProject section */

/* Begin PBXResourcesBuildPhase section */
		6A24DD262CB05D0B006E5C51 /* Resources */ = {
			isa = PBXResourcesBuildPhase;
			buildActionMask = 2147483647;
			files = (
			);
			runOnlyForDeploymentPostprocessing = 0;
		};
		6A24DD3C2CB05D0D006E5C51 /* Resources */ = {
			isa = PBXResourcesBuildPhase;
			buildActionMask = 2147483647;
			files = (
			);
			runOnlyForDeploymentPostprocessing = 0;
		};
		6A24DD462CB05D0D006E5C51 /* Resources */ = {
			isa = PBXResourcesBuildPhase;
			buildActionMask = 2147483647;
			files = (
			);
			runOnlyForDeploymentPostprocessing = 0;
		};
/* End PBXResourcesBuildPhase section */

/* Begin PBXSourcesBuildPhase section */
		6A24DD242CB05D0B006E5C51 /* Sources */ = {
			isa = PBXSourcesBuildPhase;
			buildActionMask = 2147483647;
			files = (
			);
			runOnlyForDeploymentPostprocessing = 0;
		};
		6A24DD3A2CB05D0D006E5C51 /* Sources */ = {
			isa = PBXSourcesBuildPhase;
			buildActionMask = 2147483647;
			files = (
			);
			runOnlyForDeploymentPostprocessing = 0;
		};
		6A24DD442CB05D0D006E5C51 /* Sources */ = {
			isa = PBXSourcesBuildPhase;
			buildActionMask = 2147483647;
			files = (
			);
			runOnlyForDeploymentPostprocessing = 0;
		};
/* End PBXSourcesBuildPhase section */

/* Begin PBXTargetDependency section */
		6A24DD402CB05D0D006E5C51 /* PBXTargetDependency */ = {
			isa = PBXTargetDependency;
			target = 6A24DD272CB05D0B006E5C51 /* Dragonball-patrones */;
			targetProxy = 6A24DD3F2CB05D0D006E5C51 /* PBXContainerItemProxy */;
		};
		6A24DD4A2CB05D0D006E5C51 /* PBXTargetDependency */ = {
			isa = PBXTargetDependency;
			target = 6A24DD272CB05D0B006E5C51 /* Dragonball-patrones */;
			targetProxy = 6A24DD492CB05D0D006E5C51 /* PBXContainerItemProxy */;
		};
/* End PBXTargetDependency section */

/* Begin XCBuildConfiguration section */
		6A24DD522CB05D0D006E5C51 /* Debug */ = {
			isa = XCBuildConfiguration;
			buildSettings = {
				ASSETCATALOG_COMPILER_APPICON_NAME = AppIcon;
				ASSETCATALOG_COMPILER_GLOBAL_ACCENT_COLOR_NAME = AccentColor;
				CODE_SIGN_STYLE = Automatic;
				CURRENT_PROJECT_VERSION = 1;
				DEVELOPMENT_TEAM = F52LBCNW86;
				GENERATE_INFOPLIST_FILE = YES;
				INFOPLIST_FILE = "Dragonball-patrones/Supporting Files/Info.plist";
				INFOPLIST_KEY_UIApplicationSupportsIndirectInputEvents = YES;
				INFOPLIST_KEY_UILaunchStoryboardName = LaunchScreen;
				INFOPLIST_KEY_UISupportedInterfaceOrientations_iPad = "UIInterfaceOrientationPortrait UIInterfaceOrientationPortraitUpsideDown UIInterfaceOrientationLandscapeLeft UIInterfaceOrientationLandscapeRight";
				INFOPLIST_KEY_UISupportedInterfaceOrientations_iPhone = "UIInterfaceOrientationPortrait UIInterfaceOrientationLandscapeLeft UIInterfaceOrientationLandscapeRight";
				LD_RUNPATH_SEARCH_PATHS = (
					"$(inherited)",
					"@executable_path/Frameworks",
				);
				MARKETING_VERSION = 1.0;
				PRODUCT_BUNDLE_IDENTIFIER = "me.Dragonball-patrones";
				PRODUCT_NAME = "$(TARGET_NAME)";
				SUPPORTED_PLATFORMS = "iphoneos iphonesimulator";
				SUPPORTS_MACCATALYST = NO;
				SUPPORTS_MAC_DESIGNED_FOR_IPHONE_IPAD = NO;
				SUPPORTS_XR_DESIGNED_FOR_IPHONE_IPAD = NO;
				SWIFT_EMIT_LOC_STRINGS = YES;
				SWIFT_VERSION = 5.0;
				TARGETED_DEVICE_FAMILY = "1,2";
			};
			name = Debug;
		};
		6A24DD532CB05D0D006E5C51 /* Release */ = {
			isa = XCBuildConfiguration;
			buildSettings = {
				ASSETCATALOG_COMPILER_APPICON_NAME = AppIcon;
				ASSETCATALOG_COMPILER_GLOBAL_ACCENT_COLOR_NAME = AccentColor;
				CODE_SIGN_STYLE = Automatic;
				CURRENT_PROJECT_VERSION = 1;
				DEVELOPMENT_TEAM = F52LBCNW86;
				GENERATE_INFOPLIST_FILE = YES;
				INFOPLIST_FILE = "Dragonball-patrones/Supporting Files/Info.plist";
				INFOPLIST_KEY_UIApplicationSupportsIndirectInputEvents = YES;
				INFOPLIST_KEY_UILaunchStoryboardName = LaunchScreen;
				INFOPLIST_KEY_UISupportedInterfaceOrientations_iPad = "UIInterfaceOrientationPortrait UIInterfaceOrientationPortraitUpsideDown UIInterfaceOrientationLandscapeLeft UIInterfaceOrientationLandscapeRight";
				INFOPLIST_KEY_UISupportedInterfaceOrientations_iPhone = "UIInterfaceOrientationPortrait UIInterfaceOrientationLandscapeLeft UIInterfaceOrientationLandscapeRight";
				LD_RUNPATH_SEARCH_PATHS = (
					"$(inherited)",
					"@executable_path/Frameworks",
				);
				MARKETING_VERSION = 1.0;
				PRODUCT_BUNDLE_IDENTIFIER = "me.Dragonball-patrones";
				PRODUCT_NAME = "$(TARGET_NAME)";
				SUPPORTED_PLATFORMS = "iphoneos iphonesimulator";
				SUPPORTS_MACCATALYST = NO;
				SUPPORTS_MAC_DESIGNED_FOR_IPHONE_IPAD = NO;
				SUPPORTS_XR_DESIGNED_FOR_IPHONE_IPAD = NO;
				SWIFT_EMIT_LOC_STRINGS = YES;
				SWIFT_VERSION = 5.0;
				TARGETED_DEVICE_FAMILY = "1,2";
			};
			name = Release;
		};
		6A24DD542CB05D0D006E5C51 /* Debug */ = {
			isa = XCBuildConfiguration;
			buildSettings = {
				ALWAYS_SEARCH_USER_PATHS = NO;
				ASSETCATALOG_COMPILER_GENERATE_SWIFT_ASSET_SYMBOL_EXTENSIONS = YES;
				CLANG_ANALYZER_NONNULL = YES;
				CLANG_ANALYZER_NUMBER_OBJECT_CONVERSION = YES_AGGRESSIVE;
				CLANG_CXX_LANGUAGE_STANDARD = "gnu++20";
				CLANG_ENABLE_MODULES = YES;
				CLANG_ENABLE_OBJC_ARC = YES;
				CLANG_ENABLE_OBJC_WEAK = YES;
				CLANG_WARN_BLOCK_CAPTURE_AUTORELEASING = YES;
				CLANG_WARN_BOOL_CONVERSION = YES;
				CLANG_WARN_COMMA = YES;
				CLANG_WARN_CONSTANT_CONVERSION = YES;
				CLANG_WARN_DEPRECATED_OBJC_IMPLEMENTATIONS = YES;
				CLANG_WARN_DIRECT_OBJC_ISA_USAGE = YES_ERROR;
				CLANG_WARN_DOCUMENTATION_COMMENTS = YES;
				CLANG_WARN_EMPTY_BODY = YES;
				CLANG_WARN_ENUM_CONVERSION = YES;
				CLANG_WARN_INFINITE_RECURSION = YES;
				CLANG_WARN_INT_CONVERSION = YES;
				CLANG_WARN_NON_LITERAL_NULL_CONVERSION = YES;
				CLANG_WARN_OBJC_IMPLICIT_RETAIN_SELF = YES;
				CLANG_WARN_OBJC_LITERAL_CONVERSION = YES;
				CLANG_WARN_OBJC_ROOT_CLASS = YES_ERROR;
				CLANG_WARN_QUOTED_INCLUDE_IN_FRAMEWORK_HEADER = YES;
				CLANG_WARN_RANGE_LOOP_ANALYSIS = YES;
				CLANG_WARN_STRICT_PROTOTYPES = YES;
				CLANG_WARN_SUSPICIOUS_MOVE = YES;
				CLANG_WARN_UNGUARDED_AVAILABILITY = YES_AGGRESSIVE;
				CLANG_WARN_UNREACHABLE_CODE = YES;
				CLANG_WARN__DUPLICATE_METHOD_MATCH = YES;
				COPY_PHASE_STRIP = NO;
				DEBUG_INFORMATION_FORMAT = dwarf;
				ENABLE_STRICT_OBJC_MSGSEND = YES;
				ENABLE_TESTABILITY = YES;
				ENABLE_USER_SCRIPT_SANDBOXING = YES;
				GCC_C_LANGUAGE_STANDARD = gnu17;
				GCC_DYNAMIC_NO_PIC = NO;
				GCC_NO_COMMON_BLOCKS = YES;
				GCC_OPTIMIZATION_LEVEL = 0;
				GCC_PREPROCESSOR_DEFINITIONS = (
					"DEBUG=1",
					"$(inherited)",
				);
				GCC_WARN_64_TO_32_BIT_CONVERSION = YES;
				GCC_WARN_ABOUT_RETURN_TYPE = YES_ERROR;
				GCC_WARN_UNDECLARED_SELECTOR = YES;
				GCC_WARN_UNINITIALIZED_AUTOS = YES_AGGRESSIVE;
				GCC_WARN_UNUSED_FUNCTION = YES;
				GCC_WARN_UNUSED_VARIABLE = YES;
				IPHONEOS_DEPLOYMENT_TARGET = 18.0;
				LOCALIZATION_PREFERS_STRING_CATALOGS = YES;
				MTL_ENABLE_DEBUG_INFO = INCLUDE_SOURCE;
				MTL_FAST_MATH = YES;
				ONLY_ACTIVE_ARCH = YES;
				SDKROOT = iphoneos;
				SWIFT_ACTIVE_COMPILATION_CONDITIONS = "DEBUG $(inherited)";
				SWIFT_OPTIMIZATION_LEVEL = "-Onone";
			};
			name = Debug;
		};
		6A24DD552CB05D0D006E5C51 /* Release */ = {
			isa = XCBuildConfiguration;
			buildSettings = {
				ALWAYS_SEARCH_USER_PATHS = NO;
				ASSETCATALOG_COMPILER_GENERATE_SWIFT_ASSET_SYMBOL_EXTENSIONS = YES;
				CLANG_ANALYZER_NONNULL = YES;
				CLANG_ANALYZER_NUMBER_OBJECT_CONVERSION = YES_AGGRESSIVE;
				CLANG_CXX_LANGUAGE_STANDARD = "gnu++20";
				CLANG_ENABLE_MODULES = YES;
				CLANG_ENABLE_OBJC_ARC = YES;
				CLANG_ENABLE_OBJC_WEAK = YES;
				CLANG_WARN_BLOCK_CAPTURE_AUTORELEASING = YES;
				CLANG_WARN_BOOL_CONVERSION = YES;
				CLANG_WARN_COMMA = YES;
				CLANG_WARN_CONSTANT_CONVERSION = YES;
				CLANG_WARN_DEPRECATED_OBJC_IMPLEMENTATIONS = YES;
				CLANG_WARN_DIRECT_OBJC_ISA_USAGE = YES_ERROR;
				CLANG_WARN_DOCUMENTATION_COMMENTS = YES;
				CLANG_WARN_EMPTY_BODY = YES;
				CLANG_WARN_ENUM_CONVERSION = YES;
				CLANG_WARN_INFINITE_RECURSION = YES;
				CLANG_WARN_INT_CONVERSION = YES;
				CLANG_WARN_NON_LITERAL_NULL_CONVERSION = YES;
				CLANG_WARN_OBJC_IMPLICIT_RETAIN_SELF = YES;
				CLANG_WARN_OBJC_LITERAL_CONVERSION = YES;
				CLANG_WARN_OBJC_ROOT_CLASS = YES_ERROR;
				CLANG_WARN_QUOTED_INCLUDE_IN_FRAMEWORK_HEADER = YES;
				CLANG_WARN_RANGE_LOOP_ANALYSIS = YES;
				CLANG_WARN_STRICT_PROTOTYPES = YES;
				CLANG_WARN_SUSPICIOUS_MOVE = YES;
				CLANG_WARN_UNGUARDED_AVAILABILITY = YES_AGGRESSIVE;
				CLANG_WARN_UNREACHABLE_CODE = YES;
				CLANG_WARN__DUPLICATE_METHOD_MATCH = YES;
				COPY_PHASE_STRIP = NO;
				DEBUG_INFORMATION_FORMAT = "dwarf-with-dsym";
				ENABLE_NS_ASSERTIONS = NO;
				ENABLE_STRICT_OBJC_MSGSEND = YES;
				ENABLE_USER_SCRIPT_SANDBOXING = YES;
				GCC_C_LANGUAGE_STANDARD = gnu17;
				GCC_NO_COMMON_BLOCKS = YES;
				GCC_WARN_64_TO_32_BIT_CONVERSION = YES;
				GCC_WARN_ABOUT_RETURN_TYPE = YES_ERROR;
				GCC_WARN_UNDECLARED_SELECTOR = YES;
				GCC_WARN_UNINITIALIZED_AUTOS = YES_AGGRESSIVE;
				GCC_WARN_UNUSED_FUNCTION = YES;
				GCC_WARN_UNUSED_VARIABLE = YES;
				IPHONEOS_DEPLOYMENT_TARGET = 18.0;
				LOCALIZATION_PREFERS_STRING_CATALOGS = YES;
				MTL_ENABLE_DEBUG_INFO = NO;
				MTL_FAST_MATH = YES;
				SDKROOT = iphoneos;
				SWIFT_COMPILATION_MODE = wholemodule;
				VALIDATE_PRODUCT = YES;
			};
			name = Release;
		};
		6A24DD572CB05D0D006E5C51 /* Debug */ = {
			isa = XCBuildConfiguration;
			buildSettings = {
				BUNDLE_LOADER = "$(TEST_HOST)";
				CODE_SIGN_STYLE = Automatic;
				CURRENT_PROJECT_VERSION = 1;
				DEVELOPMENT_TEAM = F52LBCNW86;
				GENERATE_INFOPLIST_FILE = YES;
				IPHONEOS_DEPLOYMENT_TARGET = 18.0;
				MARKETING_VERSION = 1.0;
				PRODUCT_BUNDLE_IDENTIFIER = "me.Dragonball-patronesTests";
				PRODUCT_NAME = "$(TARGET_NAME)";
				SUPPORTED_PLATFORMS = "iphoneos iphonesimulator";
				SUPPORTS_MACCATALYST = NO;
				SUPPORTS_MAC_DESIGNED_FOR_IPHONE_IPAD = NO;
				SUPPORTS_XR_DESIGNED_FOR_IPHONE_IPAD = NO;
				SWIFT_EMIT_LOC_STRINGS = NO;
				SWIFT_VERSION = 5.0;
				TARGETED_DEVICE_FAMILY = "1,2";
				TEST_HOST = "$(BUILT_PRODUCTS_DIR)/Dragonball-patrones.app/$(BUNDLE_EXECUTABLE_FOLDER_PATH)/Dragonball-patrones";
			};
			name = Debug;
		};
		6A24DD582CB05D0D006E5C51 /* Release */ = {
			isa = XCBuildConfiguration;
			buildSettings = {
				BUNDLE_LOADER = "$(TEST_HOST)";
				CODE_SIGN_STYLE = Automatic;
				CURRENT_PROJECT_VERSION = 1;
				DEVELOPMENT_TEAM = F52LBCNW86;
				GENERATE_INFOPLIST_FILE = YES;
				IPHONEOS_DEPLOYMENT_TARGET = 18.0;
				MARKETING_VERSION = 1.0;
				PRODUCT_BUNDLE_IDENTIFIER = "me.Dragonball-patronesTests";
				PRODUCT_NAME = "$(TARGET_NAME)";
				SUPPORTED_PLATFORMS = "iphoneos iphonesimulator";
				SUPPORTS_MACCATALYST = NO;
				SUPPORTS_MAC_DESIGNED_FOR_IPHONE_IPAD = NO;
				SUPPORTS_XR_DESIGNED_FOR_IPHONE_IPAD = NO;
				SWIFT_EMIT_LOC_STRINGS = NO;
				SWIFT_VERSION = 5.0;
				TARGETED_DEVICE_FAMILY = "1,2";
				TEST_HOST = "$(BUILT_PRODUCTS_DIR)/Dragonball-patrones.app/$(BUNDLE_EXECUTABLE_FOLDER_PATH)/Dragonball-patrones";
			};
			name = Release;
		};
		6A24DD5A2CB05D0D006E5C51 /* Debug */ = {
			isa = XCBuildConfiguration;
			buildSettings = {
				CODE_SIGN_STYLE = Automatic;
				CURRENT_PROJECT_VERSION = 1;
				DEVELOPMENT_TEAM = F52LBCNW86;
				GENERATE_INFOPLIST_FILE = YES;
				MARKETING_VERSION = 1.0;
				PRODUCT_BUNDLE_IDENTIFIER = "me.Dragonball-patronesUITests";
				PRODUCT_NAME = "$(TARGET_NAME)";
				SUPPORTED_PLATFORMS = "iphoneos iphonesimulator";
				SUPPORTS_MACCATALYST = NO;
				SUPPORTS_MAC_DESIGNED_FOR_IPHONE_IPAD = NO;
				SUPPORTS_XR_DESIGNED_FOR_IPHONE_IPAD = NO;
				SWIFT_EMIT_LOC_STRINGS = NO;
				SWIFT_VERSION = 5.0;
				TARGETED_DEVICE_FAMILY = "1,2";
				TEST_TARGET_NAME = "Dragonball-patrones";
			};
			name = Debug;
		};
		6A24DD5B2CB05D0D006E5C51 /* Release */ = {
			isa = XCBuildConfiguration;
			buildSettings = {
				CODE_SIGN_STYLE = Automatic;
				CURRENT_PROJECT_VERSION = 1;
				DEVELOPMENT_TEAM = F52LBCNW86;
				GENERATE_INFOPLIST_FILE = YES;
				MARKETING_VERSION = 1.0;
				PRODUCT_BUNDLE_IDENTIFIER = "me.Dragonball-patronesUITests";
				PRODUCT_NAME = "$(TARGET_NAME)";
				SUPPORTED_PLATFORMS = "iphoneos iphonesimulator";
				SUPPORTS_MACCATALYST = NO;
				SUPPORTS_MAC_DESIGNED_FOR_IPHONE_IPAD = NO;
				SUPPORTS_XR_DESIGNED_FOR_IPHONE_IPAD = NO;
				SWIFT_EMIT_LOC_STRINGS = NO;
				SWIFT_VERSION = 5.0;
				TARGETED_DEVICE_FAMILY = "1,2";
				TEST_TARGET_NAME = "Dragonball-patrones";
			};
			name = Release;
		};
/* End XCBuildConfiguration section */

/* Begin XCConfigurationList section */
		6A24DD232CB05D0B006E5C51 /* Build configuration list for PBXProject "Dragonball-patrones" */ = {
			isa = XCConfigurationList;
			buildConfigurations = (
				6A24DD542CB05D0D006E5C51 /* Debug */,
				6A24DD552CB05D0D006E5C51 /* Release */,
			);
			defaultConfigurationIsVisible = 0;
			defaultConfigurationName = Release;
		};
		6A24DD512CB05D0D006E5C51 /* Build configuration list for PBXNativeTarget "Dragonball-patrones" */ = {
			isa = XCConfigurationList;
			buildConfigurations = (
				6A24DD522CB05D0D006E5C51 /* Debug */,
				6A24DD532CB05D0D006E5C51 /* Release */,
			);
			defaultConfigurationIsVisible = 0;
			defaultConfigurationName = Release;
		};
		6A24DD562CB05D0D006E5C51 /* Build configuration list for PBXNativeTarget "Dragonball-patronesTests" */ = {
			isa = XCConfigurationList;
			buildConfigurations = (
				6A24DD572CB05D0D006E5C51 /* Debug */,
				6A24DD582CB05D0D006E5C51 /* Release */,
			);
			defaultConfigurationIsVisible = 0;
			defaultConfigurationName = Release;
		};
		6A24DD592CB05D0D006E5C51 /* Build configuration list for PBXNativeTarget "Dragonball-patronesUITests" */ = {
			isa = XCConfigurationList;
			buildConfigurations = (
				6A24DD5A2CB05D0D006E5C51 /* Debug */,
				6A24DD5B2CB05D0D006E5C51 /* Release */,
			);
			defaultConfigurationIsVisible = 0;
			defaultConfigurationName = Release;
		};
/* End XCConfigurationList section */
	};
	rootObject = 6A24DD202CB05D0B006E5C51 /* Project object */;
}
